
Microsoft Visual Studio Solution File, Format Version 12.00
# Visual Studio Version 17
VisualStudioVersion = 17.5.33627.172
MinimumVisualStudioVersion = 10.0.40219.1
Project("{FAE04EC0-301F-11D3-BF4B-00C04F79EFBC}") = "task", "task\task.csproj", "{C0248AC3-69F2-4143-B522-157B99B7A452}"
EndProject
Global
	GlobalSection(SolutionConfigurationPlatforms) = preSolution
		Debug|Any CPU = Debug|Any CPU
		Release|Any CPU = Release|Any CPU
	EndGlobalSection
	GlobalSection(ProjectConfigurationPlatforms) = postSolution
		{C0248AC3-69F2-4143-B522-157B99B7A452}.Debug|Any CPU.ActiveCfg = Debug|Any CPU
		{C0248AC3-69F2-4143-B522-157B99B7A452}.Debug|Any CPU.Build.0 = Debug|Any CPU
		{C0248AC3-69F2-4143-B522-157B99B7A452}.Release|Any CPU.ActiveCfg = Release|Any CPU
		{C0248AC3-69F2-4143-B522-157B99B7A452}.Release|Any CPU.Build.0 = Release|Any CPU
	EndGlobalSection
	GlobalSection(SolutionProperties) = preSolution
		HideSolutionNode = FALSE
	EndGlobalSection
	GlobalSection(ExtensibilityGlobals) = postSolution
		SolutionGuid = {E5CEBB0F-F1B8-4A78-AA00-4CF3D7D3E06C}
	EndGlobalSection
EndGlobal
